
Microsoft Visual Studio Solution File, Format Version 12.00
# Visual Studio Version 17
VisualStudioVersion = 17.7.34031.279
MinimumVisualStudioVersion = 10.0.40219.1
Project("{FAE04EC0-301F-11D3-BF4B-00C04F79EFBC}") = "CryptoMarket", "CryptoMarket\CryptoMarket.csproj", "{30E91B82-E0A4-40C4-BEBD-0E0129F9C13D}"
EndProject
Global
	GlobalSection(SolutionConfigurationPlatforms) = preSolution
		Debug|Any CPU = Debug|Any CPU
		Release|Any CPU = Release|Any CPU
	EndGlobalSection
	GlobalSection(ProjectConfigurationPlatforms) = postSolution
		{30E91B82-E0A4-40C4-BEBD-0E0129F9C13D}.Debug|Any CPU.ActiveCfg = Debug|Any CPU
		{30E91B82-E0A4-40C4-BEBD-0E0129F9C13D}.Debug|Any CPU.Build.0 = Debug|Any CPU
		{30E91B82-E0A4-40C4-BEBD-0E0129F9C13D}.Release|Any CPU.ActiveCfg = Release|Any CPU
		{30E91B82-E0A4-40C4-BEBD-0E0129F9C13D}.Release|Any CPU.Build.0 = Release|Any CPU
	EndGlobalSection
	GlobalSection(SolutionProperties) = preSolution
		HideSolutionNode = FALSE
	EndGlobalSection
	GlobalSection(ExtensibilityGlobals) = postSolution
		SolutionGuid = {80D65317-CA8A-4FA6-9356-FB1BA494A12A}
	EndGlobalSection
EndGlobal
